// !$*UTF8*$!
{
	archiveVersion = 1;
	classes = {
	};
	objectVersion = 46;
	objects = {

/* Begin PBXBuildFile section */
		E6C0A50B1F24ADC200325341 /* main.m in Sources */ = {isa = PBXBuildFile; fileRef = E6C0A50A1F24ADC200325341 /* main.m */; };
		E6C0A50E1F24ADC200325341 /* AppDelegate.m in Sources */ = {isa = PBXBuildFile; fileRef = E6C0A50D1F24ADC200325341 /* AppDelegate.m */; };
		E6C0A5111F24ADC200325341 /* ViewController.m in Sources */ = {isa = PBXBuildFile; fileRef = E6C0A5101F24ADC200325341 /* ViewController.m */; };
		E6C0A5141F24ADC200325341 /* Main.storyboard in Resources */ = {isa = PBXBuildFile; fileRef = E6C0A5121F24ADC200325341 /* Main.storyboard */; };
		E6C0A5161F24ADC200325341 /* Assets.xcassets in Resources */ = {isa = PBXBuildFile; fileRef = E6C0A5151F24ADC200325341 /* Assets.xcassets */; };
		E6C0A5191F24ADC200325341 /* LaunchScreen.storyboard in Resources */ = {isa = PBXBuildFile; fileRef = E6C0A5171F24ADC200325341 /* LaunchScreen.storyboard */; };
		E6C0A5241F24ADC200325341 /* ___Tests.m in Sources */ = {isa = PBXBuildFile; fileRef = E6C0A5231F24ADC200325341 /* ___Tests.m */; };
		E6C0A52F1F24ADC200325341 /* ___UITests.m in Sources */ = {isa = PBXBuildFile; fileRef = E6C0A52E1F24ADC200325341 /* ___UITests.m */; };
		E6C0A53E1F24AED400325341 /* DZWaterLayout.m in Sources */ = {isa = PBXBuildFile; fileRef = E6C0A53D1F24AED400325341 /* DZWaterLayout.m */; };
/* End PBXBuildFile section */

/* Begin PBXContainerItemProxy section */
		E6C0A5201F24ADC200325341 /* PBXContainerItemProxy */ = {
			isa = PBXContainerItemProxy;
			containerPortal = E6C0A4FE1F24ADC200325341 /* Project object */;
			proxyType = 1;
			remoteGlobalIDString = E6C0A5051F24ADC200325341;
			remoteInfo = "瀑布流";
		};
		E6C0A52B1F24ADC200325341 /* PBXContainerItemProxy */ = {
			isa = PBXContainerItemProxy;
			containerPortal = E6C0A4FE1F24ADC200325341 /* Project object */;
			proxyType = 1;
			remoteGlobalIDString = E6C0A5051F24ADC200325341;
			remoteInfo = "瀑布流";
		};
/* End PBXContainerItemProxy section */

/* Begin PBXFileReference section */
		E6C0A5061F24ADC200325341 /* 瀑布流.app */ = {isa = PBXFileReference; explicitFileType = wrapper.application; includeInIndex = 0; path = "瀑布流.app"; sourceTree = BUILT_PRODUCTS_DIR; };
		E6C0A50A1F24ADC200325341 /* main.m */ = {isa = PBXFileReference; lastKnownFileType = sourcecode.c.objc; path = main.m; sourceTree = "<group>"; };
		E6C0A50C1F24ADC200325341 /* AppDelegate.h */ = {isa = PBXFileReference; lastKnownFileType = sourcecode.c.h; path = AppDelegate.h; sourceTree = "<group>"; };
		E6C0A50D1F24ADC200325341 /* AppDelegate.m */ = {isa = PBXFileReference; lastKnownFileType = sourcecode.c.objc; path = AppDelegate.m; sourceTree = "<group>"; };
		E6C0A50F1F24ADC200325341 /* ViewController.h */ = {isa = PBXFileReference; lastKnownFileType = sourcecode.c.h; path = ViewController.h; sourceTree = "<group>"; };
		E6C0A5101F24ADC200325341 /* ViewController.m */ = {isa = PBXFileReference; lastKnownFileType = sourcecode.c.objc; path = ViewController.m; sourceTree = "<group>"; };
		E6C0A5131F24ADC200325341 /* Base */ = {isa = PBXFileReference; lastKnownFileType = file.storyboard; name = Base; path = Base.lproj/Main.storyboard; sourceTree = "<group>"; };
		E6C0A5151F24ADC200325341 /* Assets.xcassets */ = {isa = PBXFileReference; lastKnownFileType = folder.assetcatalog; path = Assets.xcassets; sourceTree = "<group>"; };
		E6C0A5181F24ADC200325341 /* Base */ = {isa = PBXFileReference; lastKnownFileType = file.storyboard; name = Base; path = Base.lproj/LaunchScreen.storyboard; sourceTree = "<group>"; };
		E6C0A51A1F24ADC200325341 /* Info.plist */ = {isa = PBXFileReference; lastKnownFileType = text.plist.xml; path = Info.plist; sourceTree = "<group>"; };
		E6C0A51F1F24ADC200325341 /* 瀑布流Tests.xctest */ = {isa = PBXFileReference; explicitFileType = wrapper.cfbundle; includeInIndex = 0; path = "瀑布流Tests.xctest"; sourceTree = BUILT_PRODUCTS_DIR; };
		E6C0A5231F24ADC200325341 /* ___Tests.m */ = {isa = PBXFileReference; lastKnownFileType = sourcecode.c.objc; path = "___Tests.m"; sourceTree = "<group>"; };
		E6C0A5251F24ADC200325341 /* Info.plist */ = {isa = PBXFileReference; lastKnownFileType = text.plist.xml; path = Info.plist; sourceTree = "<group>"; };
		E6C0A52A1F24ADC200325341 /* 瀑布流UITests.xctest */ = {isa = PBXFileReference; explicitFileType = wrapper.cfbundle; includeInIndex = 0; path = "瀑布流UITests.xctest"; sourceTree = BUILT_PRODUCTS_DIR; };
		E6C0A52E1F24ADC200325341 /* ___UITests.m */ = {isa = PBXFileReference; lastKnownFileType = sourcecode.c.objc; path = "___UITests.m"; sourceTree = "<group>"; };
		E6C0A5301F24ADC200325341 /* Info.plist */ = {isa = PBXFileReference; lastKnownFileType = text.plist.xml; path = Info.plist; sourceTree = "<group>"; };
		E6C0A53C1F24AED400325341 /* DZWaterLayout.h */ = {isa = PBXFileReference; fileEncoding = 4; lastKnownFileType = sourcecode.c.h; path = DZWaterLayout.h; sourceTree = "<group>"; };
		E6C0A53D1F24AED400325341 /* DZWaterLayout.m */ = {isa = PBXFileReference; fileEncoding = 4; lastKnownFileType = sourcecode.c.objc; path = DZWaterLayout.m; sourceTree = "<group>"; };
/* End PBXFileReference section */

/* Begin PBXFrameworksBuildPhase section */
		E6C0A5031F24ADC200325341 /* Frameworks */ = {
			isa = PBXFrameworksBuildPhase;
			buildActionMask = 2147483647;
			files = (
			);
			runOnlyForDeploymentPostprocessing = 0;
		};
		E6C0A51C1F24ADC200325341 /* Frameworks */ = {
			isa = PBXFrameworksBuildPhase;
			buildActionMask = 2147483647;
			files = (
			);
			runOnlyForDeploymentPostprocessing = 0;
		};
		E6C0A5271F24ADC200325341 /* Frameworks */ = {
			isa = PBXFrameworksBuildPhase;
			buildActionMask = 2147483647;
			files = (
			);
			runOnlyForDeploymentPostprocessing = 0;
		};
/* End PBXFrameworksBuildPhase section */

/* Begin PBXGroup section */
		E6C0A4FD1F24ADC200325341 = {
			isa = PBXGroup;
			children = (
				E6C0A5081F24ADC200325341 /* 瀑布流 */,
				E6C0A5221F24ADC200325341 /* 瀑布流Tests */,
				E6C0A52D1F24ADC200325341 /* 瀑布流UITests */,
				E6C0A5071F24ADC200325341 /* Products */,
			);
			sourceTree = "<group>";
			usesTabs = 0;
		};
		E6C0A5071F24ADC200325341 /* Products */ = {
			isa = PBXGroup;
			children = (
				E6C0A5061F24ADC200325341 /* 瀑布流.app */,
				E6C0A51F1F24ADC200325341 /* 瀑布流Tests.xctest */,
				E6C0A52A1F24ADC200325341 /* 瀑布流UITests.xctest */,
			);
			name = Products;
			sourceTree = "<group>";
		};
		E6C0A5081F24ADC200325341 /* 瀑布流 */ = {
			isa = PBXGroup;
			children = (
				E6C0A50C1F24ADC200325341 /* AppDelegate.h */,
				E6C0A50D1F24ADC200325341 /* AppDelegate.m */,
				E6C0A50F1F24ADC200325341 /* ViewController.h */,
				E6C0A5101F24ADC200325341 /* ViewController.m */,
				E6C0A5121F24ADC200325341 /* Main.storyboard */,
				E6C0A5151F24ADC200325341 /* Assets.xcassets */,
				E6C0A5171F24ADC200325341 /* LaunchScreen.storyboard */,
				E6C0A51A1F24ADC200325341 /* Info.plist */,
				E6C0A5091F24ADC200325341 /* Supporting Files */,
				E6C0A53C1F24AED400325341 /* DZWaterLayout.h */,
				E6C0A53D1F24AED400325341 /* DZWaterLayout.m */,
			);
			path = "瀑布流";
			sourceTree = "<group>";
		};
		E6C0A5091F24ADC200325341 /* Supporting Files */ = {
			isa = PBXGroup;
			children = (
				E6C0A50A1F24ADC200325341 /* main.m */,
			);
			name = "Supporting Files";
			sourceTree = "<group>";
		};
		E6C0A5221F24ADC200325341 /* 瀑布流Tests */ = {
			isa = PBXGroup;
			children = (
				E6C0A5231F24ADC200325341 /* ___Tests.m */,
				E6C0A5251F24ADC200325341 /* Info.plist */,
			);
			path = "瀑布流Tests";
			sourceTree = "<group>";
		};
		E6C0A52D1F24ADC200325341 /* 瀑布流UITests */ = {
			isa = PBXGroup;
			children = (
				E6C0A52E1F24ADC200325341 /* ___UITests.m */,
				E6C0A5301F24ADC200325341 /* Info.plist */,
			);
			path = "瀑布流UITests";
			sourceTree = "<group>";
		};
/* End PBXGroup section */

/* Begin PBXNativeTarget section */
		E6C0A5051F24ADC200325341 /* 瀑布流 */ = {
			isa = PBXNativeTarget;
			buildConfigurationList = E6C0A5331F24ADC200325341 /* Build configuration list for PBXNativeTarget "瀑布流" */;
			buildPhases = (
				E6C0A5021F24ADC200325341 /* Sources */,
				E6C0A5031F24ADC200325341 /* Frameworks */,
				E6C0A5041F24ADC200325341 /* Resources */,
			);
			buildRules = (
			);
			dependencies = (
			);
			name = "瀑布流";
			productName = "瀑布流";
			productReference = E6C0A5061F24ADC200325341 /* 瀑布流.app */;
			productType = "com.apple.product-type.application";
		};
		E6C0A51E1F24ADC200325341 /* 瀑布流Tests */ = {
			isa = PBXNativeTarget;
			buildConfigurationList = E6C0A5361F24ADC200325341 /* Build configuration list for PBXNativeTarget "瀑布流Tests" */;
			buildPhases = (
				E6C0A51B1F24ADC200325341 /* Sources */,
				E6C0A51C1F24ADC200325341 /* Frameworks */,
				E6C0A51D1F24ADC200325341 /* Resources */,
			);
			buildRules = (
			);
			dependencies = (
				E6C0A5211F24ADC200325341 /* PBXTargetDependency */,
			);
			name = "瀑布流Tests";
			productName = "瀑布流Tests";
			productReference = E6C0A51F1F24ADC200325341 /* 瀑布流Tests.xctest */;
			productType = "com.apple.product-type.bundle.unit-test";
		};
		E6C0A5291F24ADC200325341 /* 瀑布流UITests */ = {
			isa = PBXNativeTarget;
			buildConfigurationList = E6C0A5391F24ADC200325341 /* Build configuration list for PBXNativeTarget "瀑布流UITests" */;
			buildPhases = (
				E6C0A5261F24ADC200325341 /* Sources */,
				E6C0A5271F24ADC200325341 /* Frameworks */,
				E6C0A5281F24ADC200325341 /* Resources */,
			);
			buildRules = (
			);
			dependencies = (
				E6C0A52C1F24ADC200325341 /* PBXTargetDependency */,
			);
			name = "瀑布流UITests";
			productName = "瀑布流UITests";
			productReference = E6C0A52A1F24ADC200325341 /* 瀑布流UITests.xctest */;
			productType = "com.apple.product-type.bundle.ui-testing";
		};
/* End PBXNativeTarget section */

/* Begin PBXProject section */
		E6C0A4FE1F24ADC200325341 /* Project object */ = {
			isa = PBXProject;
			attributes = {
				LastUpgradeCheck = 0830;
				ORGANIZATIONNAME = "杜志";
				TargetAttributes = {
					E6C0A5051F24ADC200325341 = {
						CreatedOnToolsVersion = 8.3.3;
						DevelopmentTeam = 44P5AG7E2A;
						ProvisioningStyle = Automatic;
					};
					E6C0A51E1F24ADC200325341 = {
						CreatedOnToolsVersion = 8.3.3;
						ProvisioningStyle = Automatic;
						TestTargetID = E6C0A5051F24ADC200325341;
					};
					E6C0A5291F24ADC200325341 = {
						CreatedOnToolsVersion = 8.3.3;
						ProvisioningStyle = Automatic;
						TestTargetID = E6C0A5051F24ADC200325341;
					};
				};
			};
			buildConfigurationList = E6C0A5011F24ADC200325341 /* Build configuration list for PBXProject "瀑布流" */;
			compatibilityVersion = "Xcode 3.2";
			developmentRegion = English;
			hasScannedForEncodings = 0;
			knownRegions = (
				en,
				Base,
			);
			mainGroup = E6C0A4FD1F24ADC200325341;
			productRefGroup = E6C0A5071F24ADC200325341 /* Products */;
			projectDirPath = "";
			projectRoot = "";
			targets = (
				E6C0A5051F24ADC200325341 /* 瀑布流 */,
				E6C0A51E1F24ADC200325341 /* 瀑布流Tests */,
				E6C0A5291F24ADC200325341 /* 瀑布流UITests */,
			);
		};
/* End PBXProject section */

/* Begin PBXResourcesBuildPhase section */
		E6C0A5041F24ADC200325341 /* Resources */ = {
			isa = PBXResourcesBuildPhase;
			buildActionMask = 2147483647;
			files = (
				E6C0A5191F24ADC200325341 /* LaunchScreen.storyboard in Resources */,
				E6C0A5161F24ADC200325341 /* Assets.xcassets in Resources */,
				E6C0A5141F24ADC200325341 /* Main.storyboard in Resources */,
			);
			runOnlyForDeploymentPostprocessing = 0;
		};
		E6C0A51D1F24ADC200325341 /* Resources */ = {
			isa = PBXResourcesBuildPhase;
			buildActionMask = 2147483647;
			files = (
			);
			runOnlyForDeploymentPostprocessing = 0;
		};
		E6C0A5281F24ADC200325341 /* Resources */ = {
			isa = PBXResourcesBuildPhase;
			buildActionMask = 2147483647;
			files = (
			);
			runOnlyForDeploymentPostprocessing = 0;
		};
/* End PBXResourcesBuildPhase section */

/* Begin PBXSourcesBuildPhase section */
		E6C0A5021F24ADC200325341 /* Sources */ = {
			isa = PBXSourcesBuildPhase;
			buildActionMask = 2147483647;
			files = (
				E6C0A5111F24ADC200325341 /* ViewController.m in Sources */,
				E6C0A53E1F24AED400325341 /* DZWaterLayout.m in Sources */,
				E6C0A50E1F24ADC200325341 /* AppDelegate.m in Sources */,
				E6C0A50B1F24ADC200325341 /* main.m in Sources */,
			);
			runOnlyForDeploymentPostprocessing = 0;
		};
		E6C0A51B1F24ADC200325341 /* Sources */ = {
			isa = PBXSourcesBuildPhase;
			buildActionMask = 2147483647;
			files = (
				E6C0A5241F24ADC200325341 /* ___Tests.m in Sources */,
			);
			runOnlyForDeploymentPostprocessing = 0;
		};
		E6C0A5261F24ADC200325341 /* Sources */ = {
			isa = PBXSourcesBuildPhase;
			buildActionMask = 2147483647;
			files = (
				E6C0A52F1F24ADC200325341 /* ___UITests.m in Sources */,
			);
			runOnlyForDeploymentPostprocessing = 0;
		};
/* End PBXSourcesBuildPhase section */

/* Begin PBXTargetDependency section */
		E6C0A5211F24ADC200325341 /* PBXTargetDependency */ = {
			isa = PBXTargetDependency;
			target = E6C0A5051F24ADC200325341 /* 瀑布流 */;
			targetProxy = E6C0A5201F24ADC200325341 /* PBXContainerItemProxy */;
		};
		E6C0A52C1F24ADC200325341 /* PBXTargetDependency */ = {
			isa = PBXTargetDependency;
			target = E6C0A5051F24ADC200325341 /* 瀑布流 */;
			targetProxy = E6C0A52B1F24ADC200325341 /* PBXContainerItemProxy */;
		};
/* End PBXTargetDependency section */

/* Begin PBXVariantGroup section */
		E6C0A5121F24ADC200325341 /* Main.storyboard */ = {
			isa = PBXVariantGroup;
			children = (
				E6C0A5131F24ADC200325341 /* Base */,
			);
			name = Main.storyboard;
			sourceTree = "<group>";
		};
		E6C0A5171F24ADC200325341 /* LaunchScreen.storyboard */ = {
			isa = PBXVariantGroup;
			children = (
				E6C0A5181F24ADC200325341 /* Base */,
			);
			name = LaunchScreen.storyboard;
			sourceTree = "<group>";
		};
/* End PBXVariantGroup section */

/* Begin XCBuildConfiguration section */
		E6C0A5311F24ADC200325341 /* Debug */ = {
			isa = XCBuildConfiguration;
			buildSettings = {
				ALWAYS_SEARCH_USER_PATHS = NO;
				CLANG_ANALYZER_NONNULL = YES;
				CLANG_ANALYZER_NUMBER_OBJECT_CONVERSION = YES_AGGRESSIVE;
				CLANG_CXX_LANGUAGE_STANDARD = "gnu++0x";
				CLANG_CXX_LIBRARY = "libc++";
				CLANG_ENABLE_MODULES = YES;
				CLANG_ENABLE_OBJC_ARC = YES;
				CLANG_WARN_BOOL_CONVERSION = YES;
				CLANG_WARN_CONSTANT_CONVERSION = YES;
				CLANG_WARN_DIRECT_OBJC_ISA_USAGE = YES_ERROR;
				CLANG_WARN_DOCUMENTATION_COMMENTS = YES;
				CLANG_WARN_EMPTY_BODY = YES;
				CLANG_WARN_ENUM_CONVERSION = YES;
				CLANG_WARN_INFINITE_RECURSION = YES;
				CLANG_WARN_INT_CONVERSION = YES;
				CLANG_WARN_OBJC_ROOT_CLASS = YES_ERROR;
				CLANG_WARN_SUSPICIOUS_MOVE = YES;
				CLANG_WARN_UNREACHABLE_CODE = YES;
				CLANG_WARN__DUPLICATE_METHOD_MATCH = YES;
				"CODE_SIGN_IDENTITY[sdk=iphoneos*]" = "iPhone Developer";
				COPY_PHASE_STRIP = NO;
				DEBUG_INFORMATION_FORMAT = dwarf;
				ENABLE_STRICT_OBJC_MSGSEND = YES;
				ENABLE_TESTABILITY = YES;
				GCC_C_LANGUAGE_STANDARD = gnu99;
				GCC_DYNAMIC_NO_PIC = NO;
				GCC_NO_COMMON_BLOCKS = YES;
				GCC_OPTIMIZATION_LEVEL = 0;
				GCC_PREPROCESSOR_DEFINITIONS = (
					"DEBUG=1",
					"$(inherited)",
				);
				GCC_WARN_64_TO_32_BIT_CONVERSION = YES;
				GCC_WARN_ABOUT_RETURN_TYPE = YES_ERROR;
				GCC_WARN_UNDECLARED_SELECTOR = YES;
				GCC_WARN_UNINITIALIZED_AUTOS = YES_AGGRESSIVE;
				GCC_WARN_UNUSED_FUNCTION = YES;
				GCC_WARN_UNUSED_VARIABLE = YES;
				IPHONEOS_DEPLOYMENT_TARGET = 10.3;
				MTL_ENABLE_DEBUG_INFO = YES;
				ONLY_ACTIVE_ARCH = YES;
				SDKROOT = iphoneos;
				TARGETED_DEVICE_FAMILY = "1,2";
			};
			name = Debug;
		};
		E6C0A5321F24ADC200325341 /* Release */ = {
			isa = XCBuildConfiguration;
			buildSettings = {
				ALWAYS_SEARCH_USER_PATHS = NO;
				CLANG_ANALYZER_NONNULL = YES;
				CLANG_ANALYZER_NUMBER_OBJECT_CONVERSION = YES_AGGRESSIVE;
				CLANG_CXX_LANGUAGE_STANDARD = "gnu++0x";
				CLANG_CXX_LIBRARY = "libc++";
				CLANG_ENABLE_MODULES = YES;
				CLANG_ENABLE_OBJC_ARC = YES;
				CLANG_WARN_BOOL_CONVERSION = YES;
				CLANG_WARN_CONSTANT_CONVERSION = YES;
				CLANG_WARN_DIRECT_OBJC_ISA_USAGE = YES_ERROR;
				CLANG_WARN_DOCUMENTATION_COMMENTS = YES;
				CLANG_WARN_EMPTY_BODY = YES;
				CLANG_WARN_ENUM_CONVERSION = YES;
				CLANG_WARN_INFINITE_RECURSION = YES;
				CLANG_WARN_INT_CONVERSION = YES;
				CLANG_WARN_OBJC_ROOT_CLASS = YES_ERROR;
				CLANG_WARN_SUSPICIOUS_MOVE = YES;
				CLANG_WARN_UNREACHABLE_CODE = YES;
				CLANG_WARN__DUPLICATE_METHOD_MATCH = YES;
				"CODE_SIGN_IDENTITY[sdk=iphoneos*]" = "iPhone Developer";
				COPY_PHASE_STRIP = NO;
				DEBUG_INFORMATION_FORMAT = "dwarf-with-dsym";
				ENABLE_NS_ASSERTIONS = NO;
				ENABLE_STRICT_OBJC_MSGSEND = YES;
				GCC_C_LANGUAGE_STANDARD = gnu99;
				GCC_NO_COMMON_BLOCKS = YES;
				GCC_WARN_64_TO_32_BIT_CONVERSION = YES;
				GCC_WARN_ABOUT_RETURN_TYPE = YES_ERROR;
				GCC_WARN_UNDECLARED_SELECTOR = YES;
				GCC_WARN_UNINITIALIZED_AUTOS = YES_AGGRESSIVE;
				GCC_WARN_UNUSED_FUNCTION = YES;
				GCC_WARN_UNUSED_VARIABLE = YES;
				IPHONEOS_DEPLOYMENT_TARGET = 10.3;
				MTL_ENABLE_DEBUG_INFO = NO;
				SDKROOT = iphoneos;
				TARGETED_DEVICE_FAMILY = "1,2";
				VALIDATE_PRODUCT = YES;
			};
			name = Release;
		};
		E6C0A5341F24ADC200325341 /* Debug */ = {
			isa = XCBuildConfiguration;
			buildSettings = {
				ASSETCATALOG_COMPILER_APPICON_NAME = AppIcon;
				DEVELOPMENT_TEAM = 44P5AG7E2A;
				INFOPLIST_FILE = "瀑布流/Info.plist";
				LD_RUNPATH_SEARCH_PATHS = "$(inherited) @executable_path/Frameworks";
				PRODUCT_BUNDLE_IDENTIFIER = "-739002833-qq.com.---";
				PRODUCT_NAME = "$(TARGET_NAME)";
			};
			name = Debug;
		};
		E6C0A5351F24ADC200325341 /* Release */ = {
			isa = XCBuildConfiguration;
			buildSettings = {
				ASSETCATALOG_COMPILER_APPICON_NAME = AppIcon;
				DEVELOPMENT_TEAM = 44P5AG7E2A;
				INFOPLIST_FILE = "瀑布流/Info.plist";
				LD_RUNPATH_SEARCH_PATHS = "$(inherited) @executable_path/Frameworks";
				PRODUCT_BUNDLE_IDENTIFIER = "-739002833-qq.com.---";
				PRODUCT_NAME = "$(TARGET_NAME)";
			};
			name = Release;
		};
		E6C0A5371F24ADC200325341 /* Debug */ = {
			isa = XCBuildConfiguration;
			buildSettings = {
				BUNDLE_LOADER = "$(TEST_HOST)";
				INFOPLIST_FILE = "瀑布流Tests/Info.plist";
				LD_RUNPATH_SEARCH_PATHS = "$(inherited) @executable_path/Frameworks @loader_path/Frameworks";
				PRODUCT_BUNDLE_IDENTIFIER = "-739002833-qq.com.---Tests";
				PRODUCT_NAME = "$(TARGET_NAME)";
				TEST_HOST = "$(BUILT_PRODUCTS_DIR)/瀑布流.app/瀑布流";
			};
			name = Debug;
		};
		E6C0A5381F24ADC200325341 /* Release */ = {
			isa = XCBuildConfiguration;
			buildSettings = {
				BUNDLE_LOADER = "$(TEST_HOST)";
				INFOPLIST_FILE = "瀑布流Tests/Info.plist";
				LD_RUNPATH_SEARCH_PATHS = "$(inherited) @executable_path/Frameworks @loader_path/Frameworks";
				PRODUCT_BUNDLE_IDENTIFIER = "-739002833-qq.com.---Tests";
				PRODUCT_NAME = "$(TARGET_NAME)";
				TEST_HOST = "$(BUILT_PRODUCTS_DIR)/瀑布流.app/瀑布流";
			};
			name = Release;
		};
		E6C0A53A1F24ADC200325341 /* Debug */ = {
			isa = XCBuildConfiguration;
			buildSettings = {
				INFOPLIST_FILE = "瀑布流UITests/Info.plist";
				LD_RUNPATH_SEARCH_PATHS = "$(inherited) @executable_path/Frameworks @loader_path/Frameworks";
				PRODUCT_BUNDLE_IDENTIFIER = "-739002833-qq.com.---UITests";
				PRODUCT_NAME = "$(TARGET_NAME)";
				TEST_TARGET_NAME = "瀑布流";
			};
			name = Debug;
		};
		E6C0A53B1F24ADC200325341 /* Release */ = {
			isa = XCBuildConfiguration;
			buildSettings = {
				INFOPLIST_FILE = "瀑布流UITests/Info.plist";
				LD_RUNPATH_SEARCH_PATHS = "$(inherited) @executable_path/Frameworks @loader_path/Frameworks";
				PRODUCT_BUNDLE_IDENTIFIER = "-739002833-qq.com.---UITests";
				PRODUCT_NAME = "$(TARGET_NAME)";
				TEST_TARGET_NAME = "瀑布流";
			};
			name = Release;
		};
/* End XCBuildConfiguration section */

/* Begin XCConfigurationList section */
		E6C0A5011F24ADC200325341 /* Build configuration list for PBXProject "瀑布流" */ = {
			isa = XCConfigurationList;
			buildConfigurations = (
				E6C0A5311F24ADC200325341 /* Debug */,
				E6C0A5321F24ADC200325341 /* Release */,
			);
			defaultConfigurationIsVisible = 0;
			defaultConfigurationName = Release;
		};
		E6C0A5331F24ADC200325341 /* Build configuration list for PBXNativeTarget "瀑布流" */ = {
			isa = XCConfigurationList;
			buildConfigurations = (
				E6C0A5341F24ADC200325341 /* Debug */,
				E6C0A5351F24ADC200325341 /* Release */,
			);
			defaultConfigurationIsVisible = 0;
			defaultConfigurationName = Release;
		};
		E6C0A5361F24ADC200325341 /* Build configuration list for PBXNativeTarget "瀑布流Tests" */ = {
			isa = XCConfigurationList;
			buildConfigurations = (
				E6C0A5371F24ADC200325341 /* Debug */,
				E6C0A5381F24ADC200325341 /* Release */,
			);
			defaultConfigurationIsVisible = 0;
			defaultConfigurationName = Release;
		};
		E6C0A5391F24ADC200325341 /* Build configuration list for PBXNativeTarget "瀑布流UITests" */ = {
			isa = XCConfigurationList;
			buildConfigurations = (
				E6C0A53A1F24ADC200325341 /* Debug */,
				E6C0A53B1F24ADC200325341 /* Release */,
			);
			defaultConfigurationIsVisible = 0;
			defaultConfigurationName = Release;
		};
/* End XCConfigurationList section */
	};
	rootObject = E6C0A4FE1F24ADC200325341 /* Project object */;
}
